// !$*UTF8*$!
{
	archiveVersion = 1;
	classes = {
	};
	objectVersion = 48;
	objects = {

/* Begin PBXBuildFile section */
		34A387531FABC434006C4434 /* AppDelegate.swift in Sources */ = {isa = PBXBuildFile; fileRef = 34A387521FABC434006C4434 /* AppDelegate.swift */; };
		34A387551FABC434006C4434 /* FeedTableViewController.swift in Sources */ = {isa = PBXBuildFile; fileRef = 34A387541FABC434006C4434 /* FeedTableViewController.swift */; };
		34A3875A1FABC434006C4434 /* Main.storyboard in Resources */ = {isa = PBXBuildFile; fileRef = 34A387581FABC434006C4434 /* Main.storyboard */; };
		34A3875C1FABC434006C4434 /* Assets.xcassets in Resources */ = {isa = PBXBuildFile; fileRef = 34A3875B1FABC434006C4434 /* Assets.xcassets */; };
		34A3875F1FABC434006C4434 /* LaunchScreen.storyboard in Resources */ = {isa = PBXBuildFile; fileRef = 34A3875D1FABC434006C4434 /* LaunchScreen.storyboard */; };
		34A3876A1FABC435006C4434 /* VGLoggerTests.swift in Sources */ = {isa = PBXBuildFile; fileRef = 34A387691FABC435006C4434 /* VGLoggerTests.swift */; };
		34A387751FABC435006C4434 /* VGLoggerUITests.swift in Sources */ = {isa = PBXBuildFile; fileRef = 34A387741FABC435006C4434 /* VGLoggerUITests.swift */; };
		34A387831FABC5FE006C4434 /* ThirdViewController.swift in Sources */ = {isa = PBXBuildFile; fileRef = 34A387821FABC5FE006C4434 /* ThirdViewController.swift */; };
		34A387871FABCE7D006C4434 /* Download.swift in Sources */ = {isa = PBXBuildFile; fileRef = 34A387861FABCE7D006C4434 /* Download.swift */; };
		34A387881FABCF6D006C4434 /* Alamofire.framework in Frameworks */ = {isa = PBXBuildFile; fileRef = 34A387891FABCF6D006C4434 /* Alamofire.framework */; };
		34A3878B1FAE68CA006C4434 /* SearchTableViewController.swift in Sources */ = {isa = PBXBuildFile; fileRef = 34A3878A1FAE68CA006C4434 /* SearchTableViewController.swift */; };
		34A3878F1FAE74D6006C4434 /* VideoGameDetailedViewController.swift in Sources */ = {isa = PBXBuildFile; fileRef = 34A3878E1FAE74D6006C4434 /* VideoGameDetailedViewController.swift */; };
		34A387911FAE7FD0006C4434 /* VideoGameDataSource.swift in Sources */ = {isa = PBXBuildFile; fileRef = 34A387901FAE7FD0006C4434 /* VideoGameDataSource.swift */; };
		34A387941FAE8230006C4434 /* VideoGame.swift in Sources */ = {isa = PBXBuildFile; fileRef = 34A387931FAE8230006C4434 /* VideoGame.swift */; };
		34A387961FAFE654006C4434 /* VideoGameTableViewCell.swift in Sources */ = {isa = PBXBuildFile; fileRef = 34A387951FAFE654006C4434 /* VideoGameTableViewCell.swift */; };
		34A387991FB3BA91006C4434 /* BarCodeViewController.swift in Sources */ = {isa = PBXBuildFile; fileRef = 34A387981FB3BA91006C4434 /* BarCodeViewController.swift */; };
		34A3879E1FB77B08006C4434 /* BarCodeTableViewController.swift in Sources */ = {isa = PBXBuildFile; fileRef = 34A3879D1FB77B08006C4434 /* BarCodeTableViewController.swift */; };
		34A387A01FB784C4006C4434 /* BarCodeDataSource.swift in Sources */ = {isa = PBXBuildFile; fileRef = 34A3879F1FB784C4006C4434 /* BarCodeDataSource.swift */; };
		34A387A21FB78532006C4434 /* BarCode.swift in Sources */ = {isa = PBXBuildFile; fileRef = 34A387A11FB78532006C4434 /* BarCode.swift */; };
		34A387A41FB79557006C4434 /* BarCodeTableViewCell.swift in Sources */ = {isa = PBXBuildFile; fileRef = 34A387A31FB79557006C4434 /* BarCodeTableViewCell.swift */; };
		34A387A51FB7C6A3006C4434 /* SwiftyJSON.framework in Frameworks */ = {isa = PBXBuildFile; fileRef = 34A387A61FB7C6A3006C4434 /* SwiftyJSON.framework */; };
		3FF0767F1FBD45FA00924CF6 /* PopularGamesCell.swift in Sources */ = {isa = PBXBuildFile; fileRef = 3FF0767E1FBD45FA00924CF6 /* PopularGamesCell.swift */; };
		FB3527808A6FFAC61C4D0906 /* Pods_VGLogger.framework in Frameworks */ = {isa = PBXBuildFile; fileRef = 2F8B48F1A59F0D328577750C /* Pods_VGLogger.framework */; };
/* End PBXBuildFile section */

/* Begin PBXContainerItemProxy section */
		34A387661FABC435006C4434 /* PBXContainerItemProxy */ = {
			isa = PBXContainerItemProxy;
			containerPortal = 34A387471FABC434006C4434 /* Project object */;
			proxyType = 1;
			remoteGlobalIDString = 34A3874E1FABC434006C4434;
			remoteInfo = VGLogger;
		};
		34A387711FABC435006C4434 /* PBXContainerItemProxy */ = {
			isa = PBXContainerItemProxy;
			containerPortal = 34A387471FABC434006C4434 /* Project object */;
			proxyType = 1;
			remoteGlobalIDString = 34A3874E1FABC434006C4434;
			remoteInfo = VGLogger;
		};
/* End PBXContainerItemProxy section */

/* Begin PBXFileReference section */
		2F8B48F1A59F0D328577750C /* Pods_VGLogger.framework */ = {isa = PBXFileReference; explicitFileType = wrapper.framework; includeInIndex = 0; path = Pods_VGLogger.framework; sourceTree = BUILT_PRODUCTS_DIR; };
		34A3874F1FABC434006C4434 /* VGLogger.app */ = {isa = PBXFileReference; explicitFileType = wrapper.application; includeInIndex = 0; path = VGLogger.app; sourceTree = BUILT_PRODUCTS_DIR; };
		34A387521FABC434006C4434 /* AppDelegate.swift */ = {isa = PBXFileReference; lastKnownFileType = sourcecode.swift; path = AppDelegate.swift; sourceTree = "<group>"; };
		34A387541FABC434006C4434 /* FeedTableViewController.swift */ = {isa = PBXFileReference; lastKnownFileType = sourcecode.swift; path = FeedTableViewController.swift; sourceTree = "<group>"; };
		34A387591FABC434006C4434 /* Base */ = {isa = PBXFileReference; lastKnownFileType = file.storyboard; name = Base; path = Base.lproj/Main.storyboard; sourceTree = "<group>"; };
		34A3875B1FABC434006C4434 /* Assets.xcassets */ = {isa = PBXFileReference; lastKnownFileType = folder.assetcatalog; path = Assets.xcassets; sourceTree = "<group>"; };
		34A3875E1FABC434006C4434 /* Base */ = {isa = PBXFileReference; lastKnownFileType = file.storyboard; name = Base; path = Base.lproj/LaunchScreen.storyboard; sourceTree = "<group>"; };
		34A387601FABC434006C4434 /* Info.plist */ = {isa = PBXFileReference; lastKnownFileType = text.plist.xml; path = Info.plist; sourceTree = "<group>"; };
		34A387651FABC435006C4434 /* VGLoggerTests.xctest */ = {isa = PBXFileReference; explicitFileType = wrapper.cfbundle; includeInIndex = 0; path = VGLoggerTests.xctest; sourceTree = BUILT_PRODUCTS_DIR; };
		34A387691FABC435006C4434 /* VGLoggerTests.swift */ = {isa = PBXFileReference; lastKnownFileType = sourcecode.swift; path = VGLoggerTests.swift; sourceTree = "<group>"; };
		34A3876B1FABC435006C4434 /* Info.plist */ = {isa = PBXFileReference; lastKnownFileType = text.plist.xml; path = Info.plist; sourceTree = "<group>"; };
		34A387701FABC435006C4434 /* VGLoggerUITests.xctest */ = {isa = PBXFileReference; explicitFileType = wrapper.cfbundle; includeInIndex = 0; path = VGLoggerUITests.xctest; sourceTree = BUILT_PRODUCTS_DIR; };
		34A387741FABC435006C4434 /* VGLoggerUITests.swift */ = {isa = PBXFileReference; lastKnownFileType = sourcecode.swift; path = VGLoggerUITests.swift; sourceTree = "<group>"; };
		34A387761FABC435006C4434 /* Info.plist */ = {isa = PBXFileReference; lastKnownFileType = text.plist.xml; path = Info.plist; sourceTree = "<group>"; };
		34A387821FABC5FE006C4434 /* ThirdViewController.swift */ = {isa = PBXFileReference; lastKnownFileType = sourcecode.swift; path = ThirdViewController.swift; sourceTree = "<group>"; };
		34A387851FABCE59006C4434 /* Alamofire.framework */ = {isa = PBXFileReference; explicitFileType = wrapper.framework; path = Alamofire.framework; sourceTree = BUILT_PRODUCTS_DIR; };
		34A387861FABCE7D006C4434 /* Download.swift */ = {isa = PBXFileReference; lastKnownFileType = sourcecode.swift; path = Download.swift; sourceTree = "<group>"; };
		34A387891FABCF6D006C4434 /* Alamofire.framework */ = {isa = PBXFileReference; explicitFileType = wrapper.framework; path = Alamofire.framework; sourceTree = BUILT_PRODUCTS_DIR; };
		34A3878A1FAE68CA006C4434 /* SearchTableViewController.swift */ = {isa = PBXFileReference; lastKnownFileType = sourcecode.swift; path = SearchTableViewController.swift; sourceTree = "<group>"; };
		34A3878E1FAE74D6006C4434 /* VideoGameDetailedViewController.swift */ = {isa = PBXFileReference; lastKnownFileType = sourcecode.swift; path = VideoGameDetailedViewController.swift; sourceTree = "<group>"; };
		34A387901FAE7FD0006C4434 /* VideoGameDataSource.swift */ = {isa = PBXFileReference; lastKnownFileType = sourcecode.swift; path = VideoGameDataSource.swift; sourceTree = "<group>"; };
		34A387931FAE8230006C4434 /* VideoGame.swift */ = {isa = PBXFileReference; lastKnownFileType = sourcecode.swift; path = VideoGame.swift; sourceTree = "<group>"; };
		34A387951FAFE654006C4434 /* VideoGameTableViewCell.swift */ = {isa = PBXFileReference; lastKnownFileType = sourcecode.swift; path = VideoGameTableViewCell.swift; sourceTree = "<group>"; };
		34A387981FB3BA91006C4434 /* BarCodeViewController.swift */ = {isa = PBXFileReference; lastKnownFileType = sourcecode.swift; path = BarCodeViewController.swift; sourceTree = "<group>"; };
		34A3879D1FB77B08006C4434 /* BarCodeTableViewController.swift */ = {isa = PBXFileReference; lastKnownFileType = sourcecode.swift; path = BarCodeTableViewController.swift; sourceTree = "<group>"; };
		34A3879F1FB784C4006C4434 /* BarCodeDataSource.swift */ = {isa = PBXFileReference; lastKnownFileType = sourcecode.swift; path = BarCodeDataSource.swift; sourceTree = "<group>"; };
		34A387A11FB78532006C4434 /* BarCode.swift */ = {isa = PBXFileReference; lastKnownFileType = sourcecode.swift; path = BarCode.swift; sourceTree = "<group>"; };
		34A387A31FB79557006C4434 /* BarCodeTableViewCell.swift */ = {isa = PBXFileReference; lastKnownFileType = sourcecode.swift; path = BarCodeTableViewCell.swift; sourceTree = "<group>"; };
		34A387A61FB7C6A3006C4434 /* SwiftyJSON.framework */ = {isa = PBXFileReference; explicitFileType = wrapper.framework; path = SwiftyJSON.framework; sourceTree = BUILT_PRODUCTS_DIR; };
		3FF0767E1FBD45FA00924CF6 /* PopularGamesCell.swift */ = {isa = PBXFileReference; lastKnownFileType = sourcecode.swift; path = PopularGamesCell.swift; sourceTree = "<group>"; };
		6F50A7E3B799BFC08BBA970F /* Pods-VGLogger.debug.xcconfig */ = {isa = PBXFileReference; includeInIndex = 1; lastKnownFileType = text.xcconfig; name = "Pods-VGLogger.debug.xcconfig"; path = "Pods/Target Support Files/Pods-VGLogger/Pods-VGLogger.debug.xcconfig"; sourceTree = "<group>"; };
		B70DC86215462DE4FD1ED4B3 /* Pods-VGLogger.release.xcconfig */ = {isa = PBXFileReference; includeInIndex = 1; lastKnownFileType = text.xcconfig; name = "Pods-VGLogger.release.xcconfig"; path = "Pods/Target Support Files/Pods-VGLogger/Pods-VGLogger.release.xcconfig"; sourceTree = "<group>"; };
/* End PBXFileReference section */

/* Begin PBXFrameworksBuildPhase section */
		34A3874C1FABC434006C4434 /* Frameworks */ = {
			isa = PBXFrameworksBuildPhase;
			buildActionMask = 2147483647;
			files = (
				34A387A51FB7C6A3006C4434 /* SwiftyJSON.framework in Frameworks */,
				34A387881FABCF6D006C4434 /* Alamofire.framework in Frameworks */,
				FB3527808A6FFAC61C4D0906 /* Pods_VGLogger.framework in Frameworks */,
			);
			runOnlyForDeploymentPostprocessing = 0;
		};
		34A387621FABC435006C4434 /* Frameworks */ = {
			isa = PBXFrameworksBuildPhase;
			buildActionMask = 2147483647;
			files = (
			);
			runOnlyForDeploymentPostprocessing = 0;
		};
		34A3876D1FABC435006C4434 /* Frameworks */ = {
			isa = PBXFrameworksBuildPhase;
			buildActionMask = 2147483647;
			files = (
			);
			runOnlyForDeploymentPostprocessing = 0;
		};
/* End PBXFrameworksBuildPhase section */

/* Begin PBXGroup section */
		34A387461FABC434006C4434 = {
			isa = PBXGroup;
			children = (
				34A387511FABC434006C4434 /* VGLogger */,
				34A387681FABC435006C4434 /* VGLoggerTests */,
				34A387731FABC435006C4434 /* VGLoggerUITests */,
				34A387501FABC434006C4434 /* Products */,
				DBA568C52C3B4402C548F576 /* Pods */,
				97C8C36D533886E93EDD26B3 /* Frameworks */,
			);
			sourceTree = "<group>";
		};
		34A387501FABC434006C4434 /* Products */ = {
			isa = PBXGroup;
			children = (
				34A3874F1FABC434006C4434 /* VGLogger.app */,
				34A387651FABC435006C4434 /* VGLoggerTests.xctest */,
				34A387701FABC435006C4434 /* VGLoggerUITests.xctest */,
			);
			name = Products;
			sourceTree = "<group>";
		};
		34A387511FABC434006C4434 /* VGLogger */ = {
			isa = PBXGroup;
			children = (
				3FF0767D1FBD458700924CF6 /* Home */,
				34A387971FB3B957006C4434 /* Search */,
				34A387521FABC434006C4434 /* AppDelegate.swift */,
				34A3879C1FB77AD9006C4434 /* Scanner */,
				34A387821FABC5FE006C4434 /* ThirdViewController.swift */,
				34A387861FABCE7D006C4434 /* Download.swift */,
				34A387921FAE8009006C4434 /* Models */,
				34A387581FABC434006C4434 /* Main.storyboard */,
				34A3875B1FABC434006C4434 /* Assets.xcassets */,
				34A3875D1FABC434006C4434 /* LaunchScreen.storyboard */,
				34A387601FABC434006C4434 /* Info.plist */,
			);
			path = VGLogger;
			sourceTree = "<group>";
		};
		34A387681FABC435006C4434 /* VGLoggerTests */ = {
			isa = PBXGroup;
			children = (
				34A387691FABC435006C4434 /* VGLoggerTests.swift */,
				34A3876B1FABC435006C4434 /* Info.plist */,
			);
			path = VGLoggerTests;
			sourceTree = "<group>";
		};
		34A387731FABC435006C4434 /* VGLoggerUITests */ = {
			isa = PBXGroup;
			children = (
				34A387741FABC435006C4434 /* VGLoggerUITests.swift */,
				34A387761FABC435006C4434 /* Info.plist */,
			);
			path = VGLoggerUITests;
			sourceTree = "<group>";
		};
		34A387921FAE8009006C4434 /* Models */ = {
			isa = PBXGroup;
			children = (
				34A387901FAE7FD0006C4434 /* VideoGameDataSource.swift */,
				34A387931FAE8230006C4434 /* VideoGame.swift */,
				34A387A11FB78532006C4434 /* BarCode.swift */,
				34A3879F1FB784C4006C4434 /* BarCodeDataSource.swift */,
			);
			path = Models;
			sourceTree = "<group>";
		};
		34A387971FB3B957006C4434 /* Search */ = {
			isa = PBXGroup;
			children = (
				34A3878A1FAE68CA006C4434 /* SearchTableViewController.swift */,
				34A387951FAFE654006C4434 /* VideoGameTableViewCell.swift */,
				34A3878E1FAE74D6006C4434 /* VideoGameDetailedViewController.swift */,
			);
			path = Search;
			sourceTree = "<group>";
		};
		34A3879C1FB77AD9006C4434 /* Scanner */ = {
			isa = PBXGroup;
			children = (
				34A387981FB3BA91006C4434 /* BarCodeViewController.swift */,
				34A3879D1FB77B08006C4434 /* BarCodeTableViewController.swift */,
				34A387A31FB79557006C4434 /* BarCodeTableViewCell.swift */,
			);
			path = Scanner;
			sourceTree = "<group>";
		};
		3FF0767D1FBD458700924CF6 /* Home */ = {
			isa = PBXGroup;
			children = (
				34A387541FABC434006C4434 /* FeedTableViewController.swift */,
				3FF0767E1FBD45FA00924CF6 /* PopularGamesCell.swift */,
			);
			path = Home;
			sourceTree = "<group>";
		};
		97C8C36D533886E93EDD26B3 /* Frameworks */ = {
			isa = PBXGroup;
			children = (
				34A387A61FB7C6A3006C4434 /* SwiftyJSON.framework */,
				34A387891FABCF6D006C4434 /* Alamofire.framework */,
				34A387851FABCE59006C4434 /* Alamofire.framework */,
				2F8B48F1A59F0D328577750C /* Pods_VGLogger.framework */,
			);
			name = Frameworks;
			sourceTree = "<group>";
		};
		DBA568C52C3B4402C548F576 /* Pods */ = {
			isa = PBXGroup;
			children = (
				6F50A7E3B799BFC08BBA970F /* Pods-VGLogger.debug.xcconfig */,
				B70DC86215462DE4FD1ED4B3 /* Pods-VGLogger.release.xcconfig */,
			);
			name = Pods;
			sourceTree = "<group>";
		};
/* End PBXGroup section */

/* Begin PBXNativeTarget section */
		34A3874E1FABC434006C4434 /* VGLogger */ = {
			isa = PBXNativeTarget;
			buildConfigurationList = 34A387791FABC435006C4434 /* Build configuration list for PBXNativeTarget "VGLogger" */;
			buildPhases = (
				AF49B6233D8D560A9BC6999C /* [CP] Check Pods Manifest.lock */,
				34A3874B1FABC434006C4434 /* Sources */,
				34A3874C1FABC434006C4434 /* Frameworks */,
				34A3874D1FABC434006C4434 /* Resources */,
				465B1A417A2ECBDAA2F8CC17 /* [CP] Embed Pods Frameworks */,
				6DC45DAD86C7D39049FCD520 /* [CP] Copy Pods Resources */,
			);
			buildRules = (
			);
			dependencies = (
			);
			name = VGLogger;
			productName = VGLogger;
			productReference = 34A3874F1FABC434006C4434 /* VGLogger.app */;
			productType = "com.apple.product-type.application";
		};
		34A387641FABC435006C4434 /* VGLoggerTests */ = {
			isa = PBXNativeTarget;
			buildConfigurationList = 34A3877C1FABC435006C4434 /* Build configuration list for PBXNativeTarget "VGLoggerTests" */;
			buildPhases = (
				34A387611FABC435006C4434 /* Sources */,
				34A387621FABC435006C4434 /* Frameworks */,
				34A387631FABC435006C4434 /* Resources */,
			);
			buildRules = (
			);
			dependencies = (
				34A387671FABC435006C4434 /* PBXTargetDependency */,
			);
			name = VGLoggerTests;
			productName = VGLoggerTests;
			productReference = 34A387651FABC435006C4434 /* VGLoggerTests.xctest */;
			productType = "com.apple.product-type.bundle.unit-test";
		};
		34A3876F1FABC435006C4434 /* VGLoggerUITests */ = {
			isa = PBXNativeTarget;
			buildConfigurationList = 34A3877F1FABC435006C4434 /* Build configuration list for PBXNativeTarget "VGLoggerUITests" */;
			buildPhases = (
				34A3876C1FABC435006C4434 /* Sources */,
				34A3876D1FABC435006C4434 /* Frameworks */,
				34A3876E1FABC435006C4434 /* Resources */,
			);
			buildRules = (
			);
			dependencies = (
				34A387721FABC435006C4434 /* PBXTargetDependency */,
			);
			name = VGLoggerUITests;
			productName = VGLoggerUITests;
			productReference = 34A387701FABC435006C4434 /* VGLoggerUITests.xctest */;
			productType = "com.apple.product-type.bundle.ui-testing";
		};
/* End PBXNativeTarget section */

/* Begin PBXProject section */
		34A387471FABC434006C4434 /* Project object */ = {
			isa = PBXProject;
			attributes = {
				LastSwiftUpdateCheck = 0910;
				LastUpgradeCheck = 0910;
				ORGANIZATIONNAME = SSU470;
				TargetAttributes = {
					34A3874E1FABC434006C4434 = {
						CreatedOnToolsVersion = 9.1;
						ProvisioningStyle = Automatic;
					};
					34A387641FABC435006C4434 = {
						CreatedOnToolsVersion = 9.1;
						ProvisioningStyle = Automatic;
						TestTargetID = 34A3874E1FABC434006C4434;
					};
					34A3876F1FABC435006C4434 = {
						CreatedOnToolsVersion = 9.1;
						ProvisioningStyle = Automatic;
						TestTargetID = 34A3874E1FABC434006C4434;
					};
				};
			};
			buildConfigurationList = 34A3874A1FABC434006C4434 /* Build configuration list for PBXProject "VGLogger" */;
			compatibilityVersion = "Xcode 8.0";
			developmentRegion = en;
			hasScannedForEncodings = 0;
			knownRegions = (
				en,
				Base,
			);
			mainGroup = 34A387461FABC434006C4434;
			productRefGroup = 34A387501FABC434006C4434 /* Products */;
			projectDirPath = "";
			projectRoot = "";
			targets = (
				34A3874E1FABC434006C4434 /* VGLogger */,
				34A387641FABC435006C4434 /* VGLoggerTests */,
				34A3876F1FABC435006C4434 /* VGLoggerUITests */,
			);
		};
/* End PBXProject section */

/* Begin PBXResourcesBuildPhase section */
		34A3874D1FABC434006C4434 /* Resources */ = {
			isa = PBXResourcesBuildPhase;
			buildActionMask = 2147483647;
			files = (
				34A3875F1FABC434006C4434 /* LaunchScreen.storyboard in Resources */,
				34A3875C1FABC434006C4434 /* Assets.xcassets in Resources */,
				34A3875A1FABC434006C4434 /* Main.storyboard in Resources */,
			);
			runOnlyForDeploymentPostprocessing = 0;
		};
		34A387631FABC435006C4434 /* Resources */ = {
			isa = PBXResourcesBuildPhase;
			buildActionMask = 2147483647;
			files = (
			);
			runOnlyForDeploymentPostprocessing = 0;
		};
		34A3876E1FABC435006C4434 /* Resources */ = {
			isa = PBXResourcesBuildPhase;
			buildActionMask = 2147483647;
			files = (
			);
			runOnlyForDeploymentPostprocessing = 0;
		};
/* End PBXResourcesBuildPhase section */

/* Begin PBXShellScriptBuildPhase section */
		465B1A417A2ECBDAA2F8CC17 /* [CP] Embed Pods Frameworks */ = {
			isa = PBXShellScriptBuildPhase;
			buildActionMask = 2147483647;
			files = (
			);
			inputPaths = (
				"${SRCROOT}/Pods/Target Support Files/Pods-VGLogger/Pods-VGLogger-frameworks.sh",
				"${BUILT_PRODUCTS_DIR}/Alamofire/Alamofire.framework",
				"${BUILT_PRODUCTS_DIR}/SwiftyJSON/SwiftyJSON.framework",
			);
			name = "[CP] Embed Pods Frameworks";
			outputPaths = (
				"${TARGET_BUILD_DIR}/${FRAMEWORKS_FOLDER_PATH}/Alamofire.framework",
				"${TARGET_BUILD_DIR}/${FRAMEWORKS_FOLDER_PATH}/SwiftyJSON.framework",
			);
			runOnlyForDeploymentPostprocessing = 0;
			shellPath = /bin/sh;
			shellScript = "\"${SRCROOT}/Pods/Target Support Files/Pods-VGLogger/Pods-VGLogger-frameworks.sh\"\n";
			showEnvVarsInLog = 0;
		};
		6DC45DAD86C7D39049FCD520 /* [CP] Copy Pods Resources */ = {
			isa = PBXShellScriptBuildPhase;
			buildActionMask = 2147483647;
			files = (
			);
			inputPaths = (
			);
			name = "[CP] Copy Pods Resources";
			outputPaths = (
			);
			runOnlyForDeploymentPostprocessing = 0;
			shellPath = /bin/sh;
			shellScript = "\"${SRCROOT}/Pods/Target Support Files/Pods-VGLogger/Pods-VGLogger-resources.sh\"\n";
			showEnvVarsInLog = 0;
		};
		AF49B6233D8D560A9BC6999C /* [CP] Check Pods Manifest.lock */ = {
			isa = PBXShellScriptBuildPhase;
			buildActionMask = 2147483647;
			files = (
			);
			inputPaths = (
				"${PODS_PODFILE_DIR_PATH}/Podfile.lock",
				"${PODS_ROOT}/Manifest.lock",
			);
			name = "[CP] Check Pods Manifest.lock";
			outputPaths = (
				"$(DERIVED_FILE_DIR)/Pods-VGLogger-checkManifestLockResult.txt",
			);
			runOnlyForDeploymentPostprocessing = 0;
			shellPath = /bin/sh;
			shellScript = "diff \"${PODS_PODFILE_DIR_PATH}/Podfile.lock\" \"${PODS_ROOT}/Manifest.lock\" > /dev/null\nif [ $? != 0 ] ; then\n    # print error to STDERR\n    echo \"error: The sandbox is not in sync with the Podfile.lock. Run 'pod install' or update your CocoaPods installation.\" >&2\n    exit 1\nfi\n# This output is used by Xcode 'outputs' to avoid re-running this script phase.\necho \"SUCCESS\" > \"${SCRIPT_OUTPUT_FILE_0}\"\n";
			showEnvVarsInLog = 0;
		};
/* End PBXShellScriptBuildPhase section */

/* Begin PBXSourcesBuildPhase section */
		34A3874B1FABC434006C4434 /* Sources */ = {
			isa = PBXSourcesBuildPhase;
			buildActionMask = 2147483647;
			files = (
				34A3878B1FAE68CA006C4434 /* SearchTableViewController.swift in Sources */,
				34A387A01FB784C4006C4434 /* BarCodeDataSource.swift in Sources */,
				34A387531FABC434006C4434 /* AppDelegate.swift in Sources */,
				34A387831FABC5FE006C4434 /* ThirdViewController.swift in Sources */,
				34A387961FAFE654006C4434 /* VideoGameTableViewCell.swift in Sources */,
				34A387941FAE8230006C4434 /* VideoGame.swift in Sources */,
				34A387A21FB78532006C4434 /* BarCode.swift in Sources */,
				34A3878F1FAE74D6006C4434 /* VideoGameDetailedViewController.swift in Sources */,
				34A387A41FB79557006C4434 /* BarCodeTableViewCell.swift in Sources */,
				34A387551FABC434006C4434 /* FeedTableViewController.swift in Sources */,
				3FF0767F1FBD45FA00924CF6 /* PopularGamesCell.swift in Sources */,
				34A387871FABCE7D006C4434 /* Download.swift in Sources */,
				34A387911FAE7FD0006C4434 /* VideoGameDataSource.swift in Sources */,
				34A387991FB3BA91006C4434 /* BarCodeViewController.swift in Sources */,
				34A3879E1FB77B08006C4434 /* BarCodeTableViewController.swift in Sources */,
			);
			runOnlyForDeploymentPostprocessing = 0;
		};
		34A387611FABC435006C4434 /* Sources */ = {
			isa = PBXSourcesBuildPhase;
			buildActionMask = 2147483647;
			files = (
				34A3876A1FABC435006C4434 /* VGLoggerTests.swift in Sources */,
			);
			runOnlyForDeploymentPostprocessing = 0;
		};
		34A3876C1FABC435006C4434 /* Sources */ = {
			isa = PBXSourcesBuildPhase;
			buildActionMask = 2147483647;
			files = (
				34A387751FABC435006C4434 /* VGLoggerUITests.swift in Sources */,
			);
			runOnlyForDeploymentPostprocessing = 0;
		};
/* End PBXSourcesBuildPhase section */

/* Begin PBXTargetDependency section */
		34A387671FABC435006C4434 /* PBXTargetDependency */ = {
			isa = PBXTargetDependency;
			target = 34A3874E1FABC434006C4434 /* VGLogger */;
			targetProxy = 34A387661FABC435006C4434 /* PBXContainerItemProxy */;
		};
		34A387721FABC435006C4434 /* PBXTargetDependency */ = {
			isa = PBXTargetDependency;
			target = 34A3874E1FABC434006C4434 /* VGLogger */;
			targetProxy = 34A387711FABC435006C4434 /* PBXContainerItemProxy */;
		};
/* End PBXTargetDependency section */

/* Begin PBXVariantGroup section */
		34A387581FABC434006C4434 /* Main.storyboard */ = {
			isa = PBXVariantGroup;
			children = (
				34A387591FABC434006C4434 /* Base */,
			);
			name = Main.storyboard;
			sourceTree = "<group>";
		};
		34A3875D1FABC434006C4434 /* LaunchScreen.storyboard */ = {
			isa = PBXVariantGroup;
			children = (
				34A3875E1FABC434006C4434 /* Base */,
			);
			name = LaunchScreen.storyboard;
			sourceTree = "<group>";
		};
/* End PBXVariantGroup section */

/* Begin XCBuildConfiguration section */
		34A387771FABC435006C4434 /* Debug */ = {
			isa = XCBuildConfiguration;
			buildSettings = {
				ALWAYS_SEARCH_USER_PATHS = NO;
				CLANG_ANALYZER_NONNULL = YES;
				CLANG_ANALYZER_NUMBER_OBJECT_CONVERSION = YES_AGGRESSIVE;
				CLANG_CXX_LANGUAGE_STANDARD = "gnu++14";
				CLANG_CXX_LIBRARY = "libc++";
				CLANG_ENABLE_MODULES = YES;
				CLANG_ENABLE_OBJC_ARC = YES;
				CLANG_WARN_BLOCK_CAPTURE_AUTORELEASING = YES;
				CLANG_WARN_BOOL_CONVERSION = YES;
				CLANG_WARN_COMMA = YES;
				CLANG_WARN_CONSTANT_CONVERSION = YES;
				CLANG_WARN_DIRECT_OBJC_ISA_USAGE = YES_ERROR;
				CLANG_WARN_DOCUMENTATION_COMMENTS = YES;
				CLANG_WARN_EMPTY_BODY = YES;
				CLANG_WARN_ENUM_CONVERSION = YES;
				CLANG_WARN_INFINITE_RECURSION = YES;
				CLANG_WARN_INT_CONVERSION = YES;
				CLANG_WARN_NON_LITERAL_NULL_CONVERSION = YES;
				CLANG_WARN_OBJC_LITERAL_CONVERSION = YES;
				CLANG_WARN_OBJC_ROOT_CLASS = YES_ERROR;
				CLANG_WARN_RANGE_LOOP_ANALYSIS = YES;
				CLANG_WARN_STRICT_PROTOTYPES = YES;
				CLANG_WARN_SUSPICIOUS_MOVE = YES;
				CLANG_WARN_UNGUARDED_AVAILABILITY = YES_AGGRESSIVE;
				CLANG_WARN_UNREACHABLE_CODE = YES;
				CLANG_WARN__DUPLICATE_METHOD_MATCH = YES;
				CODE_SIGN_IDENTITY = "iPhone Developer";
				COPY_PHASE_STRIP = NO;
				DEBUG_INFORMATION_FORMAT = dwarf;
				ENABLE_STRICT_OBJC_MSGSEND = YES;
				ENABLE_TESTABILITY = YES;
				GCC_C_LANGUAGE_STANDARD = gnu11;
				GCC_DYNAMIC_NO_PIC = NO;
				GCC_NO_COMMON_BLOCKS = YES;
				GCC_OPTIMIZATION_LEVEL = 0;
				GCC_PREPROCESSOR_DEFINITIONS = (
					"DEBUG=1",
					"$(inherited)",
				);
				GCC_WARN_64_TO_32_BIT_CONVERSION = YES;
				GCC_WARN_ABOUT_RETURN_TYPE = YES_ERROR;
				GCC_WARN_UNDECLARED_SELECTOR = YES;
				GCC_WARN_UNINITIALIZED_AUTOS = YES_AGGRESSIVE;
				GCC_WARN_UNUSED_FUNCTION = YES;
				GCC_WARN_UNUSED_VARIABLE = YES;
				IPHONEOS_DEPLOYMENT_TARGET = 11.1;
				MTL_ENABLE_DEBUG_INFO = YES;
				ONLY_ACTIVE_ARCH = YES;
				SDKROOT = iphoneos;
				SWIFT_ACTIVE_COMPILATION_CONDITIONS = DEBUG;
				SWIFT_OPTIMIZATION_LEVEL = "-Onone";
			};
			name = Debug;
		};
		34A387781FABC435006C4434 /* Release */ = {
			isa = XCBuildConfiguration;
			buildSettings = {
				ALWAYS_SEARCH_USER_PATHS = NO;
				CLANG_ANALYZER_NONNULL = YES;
				CLANG_ANALYZER_NUMBER_OBJECT_CONVERSION = YES_AGGRESSIVE;
				CLANG_CXX_LANGUAGE_STANDARD = "gnu++14";
				CLANG_CXX_LIBRARY = "libc++";
				CLANG_ENABLE_MODULES = YES;
				CLANG_ENABLE_OBJC_ARC = YES;
				CLANG_WARN_BLOCK_CAPTURE_AUTORELEASING = YES;
				CLANG_WARN_BOOL_CONVERSION = YES;
				CLANG_WARN_COMMA = YES;
				CLANG_WARN_CONSTANT_CONVERSION = YES;
				CLANG_WARN_DIRECT_OBJC_ISA_USAGE = YES_ERROR;
				CLANG_WARN_DOCUMENTATION_COMMENTS = YES;
				CLANG_WARN_EMPTY_BODY = YES;
				CLANG_WARN_ENUM_CONVERSION = YES;
				CLANG_WARN_INFINITE_RECURSION = YES;
				CLANG_WARN_INT_CONVERSION = YES;
				CLANG_WARN_NON_LITERAL_NULL_CONVERSION = YES;
				CLANG_WARN_OBJC_LITERAL_CONVERSION = YES;
				CLANG_WARN_OBJC_ROOT_CLASS = YES_ERROR;
				CLANG_WARN_RANGE_LOOP_ANALYSIS = YES;
				CLANG_WARN_STRICT_PROTOTYPES = YES;
				CLANG_WARN_SUSPICIOUS_MOVE = YES;
				CLANG_WARN_UNGUARDED_AVAILABILITY = YES_AGGRESSIVE;
				CLANG_WARN_UNREACHABLE_CODE = YES;
				CLANG_WARN__DUPLICATE_METHOD_MATCH = YES;
				CODE_SIGN_IDENTITY = "iPhone Developer";
				COPY_PHASE_STRIP = NO;
				DEBUG_INFORMATION_FORMAT = "dwarf-with-dsym";
				ENABLE_NS_ASSERTIONS = NO;
				ENABLE_STRICT_OBJC_MSGSEND = YES;
				GCC_C_LANGUAGE_STANDARD = gnu11;
				GCC_NO_COMMON_BLOCKS = YES;
				GCC_WARN_64_TO_32_BIT_CONVERSION = YES;
				GCC_WARN_ABOUT_RETURN_TYPE = YES_ERROR;
				GCC_WARN_UNDECLARED_SELECTOR = YES;
				GCC_WARN_UNINITIALIZED_AUTOS = YES_AGGRESSIVE;
				GCC_WARN_UNUSED_FUNCTION = YES;
				GCC_WARN_UNUSED_VARIABLE = YES;
				IPHONEOS_DEPLOYMENT_TARGET = 11.1;
				MTL_ENABLE_DEBUG_INFO = NO;
				SDKROOT = iphoneos;
				SWIFT_OPTIMIZATION_LEVEL = "-Owholemodule";
				VALIDATE_PRODUCT = YES;
			};
			name = Release;
		};
		34A3877A1FABC435006C4434 /* Debug */ = {
			isa = XCBuildConfiguration;
			baseConfigurationReference = 6F50A7E3B799BFC08BBA970F /* Pods-VGLogger.debug.xcconfig */;
			buildSettings = {
				ASSETCATALOG_COMPILER_APPICON_NAME = AppIcon;
				CODE_SIGN_STYLE = Automatic;
				DEVELOPMENT_TEAM = "";
				INFOPLIST_FILE = VGLogger/Info.plist;
				IPHONEOS_DEPLOYMENT_TARGET = 11.0;
				LD_RUNPATH_SEARCH_PATHS = "$(inherited) @executable_path/Frameworks";
				PRODUCT_BUNDLE_IDENTIFIER = SSU470.VGLogger;
				PRODUCT_NAME = "$(TARGET_NAME)";
				SWIFT_VERSION = 4.0;
				TARGETED_DEVICE_FAMILY = "1,2";
			};
			name = Debug;
		};
		34A3877B1FABC435006C4434 /* Release */ = {
			isa = XCBuildConfiguration;
			baseConfigurationReference = B70DC86215462DE4FD1ED4B3 /* Pods-VGLogger.release.xcconfig */;
			buildSettings = {
				ASSETCATALOG_COMPILER_APPICON_NAME = AppIcon;
				CODE_SIGN_STYLE = Automatic;
				DEVELOPMENT_TEAM = "";
				INFOPLIST_FILE = VGLogger/Info.plist;
				IPHONEOS_DEPLOYMENT_TARGET = 11.0;
				LD_RUNPATH_SEARCH_PATHS = "$(inherited) @executable_path/Frameworks";
				PRODUCT_BUNDLE_IDENTIFIER = SSU470.VGLogger;
				PRODUCT_NAME = "$(TARGET_NAME)";
				SWIFT_VERSION = 4.0;
				TARGETED_DEVICE_FAMILY = "1,2";
			};
			name = Release;
		};
		34A3877D1FABC435006C4434 /* Debug */ = {
			isa = XCBuildConfiguration;
			buildSettings = {
				ALWAYS_EMBED_SWIFT_STANDARD_LIBRARIES = YES;
				BUNDLE_LOADER = "$(TEST_HOST)";
				CODE_SIGN_STYLE = Automatic;
				INFOPLIST_FILE = VGLoggerTests/Info.plist;
				LD_RUNPATH_SEARCH_PATHS = "$(inherited) @executable_path/Frameworks @loader_path/Frameworks";
				PRODUCT_BUNDLE_IDENTIFIER = SSU470.VGLoggerTests;
				PRODUCT_NAME = "$(TARGET_NAME)";
				SWIFT_VERSION = 4.0;
				TARGETED_DEVICE_FAMILY = "1,2";
				TEST_HOST = "$(BUILT_PRODUCTS_DIR)/VGLogger.app/VGLogger";
			};
			name = Debug;
		};
		34A3877E1FABC435006C4434 /* Release */ = {
			isa = XCBuildConfiguration;
			buildSettings = {
				ALWAYS_EMBED_SWIFT_STANDARD_LIBRARIES = YES;
				BUNDLE_LOADER = "$(TEST_HOST)";
				CODE_SIGN_STYLE = Automatic;
				INFOPLIST_FILE = VGLoggerTests/Info.plist;
				LD_RUNPATH_SEARCH_PATHS = "$(inherited) @executable_path/Frameworks @loader_path/Frameworks";
				PRODUCT_BUNDLE_IDENTIFIER = SSU470.VGLoggerTests;
				PRODUCT_NAME = "$(TARGET_NAME)";
				SWIFT_VERSION = 4.0;
				TARGETED_DEVICE_FAMILY = "1,2";
				TEST_HOST = "$(BUILT_PRODUCTS_DIR)/VGLogger.app/VGLogger";
			};
			name = Release;
		};
		34A387801FABC435006C4434 /* Debug */ = {
			isa = XCBuildConfiguration;
			buildSettings = {
				ALWAYS_EMBED_SWIFT_STANDARD_LIBRARIES = YES;
				CODE_SIGN_STYLE = Automatic;
				INFOPLIST_FILE = VGLoggerUITests/Info.plist;
				LD_RUNPATH_SEARCH_PATHS = "$(inherited) @executable_path/Frameworks @loader_path/Frameworks";
				PRODUCT_BUNDLE_IDENTIFIER = SSU470.VGLoggerUITests;
				PRODUCT_NAME = "$(TARGET_NAME)";
				SWIFT_VERSION = 4.0;
				TARGETED_DEVICE_FAMILY = "1,2";
				TEST_TARGET_NAME = VGLogger;
			};
			name = Debug;
		};
		34A387811FABC435006C4434 /* Release */ = {
			isa = XCBuildConfiguration;
			buildSettings = {
				ALWAYS_EMBED_SWIFT_STANDARD_LIBRARIES = YES;
				CODE_SIGN_STYLE = Automatic;
				INFOPLIST_FILE = VGLoggerUITests/Info.plist;
				LD_RUNPATH_SEARCH_PATHS = "$(inherited) @executable_path/Frameworks @loader_path/Frameworks";
				PRODUCT_BUNDLE_IDENTIFIER = SSU470.VGLoggerUITests;
				PRODUCT_NAME = "$(TARGET_NAME)";
				SWIFT_VERSION = 4.0;
				TARGETED_DEVICE_FAMILY = "1,2";
				TEST_TARGET_NAME = VGLogger;
			};
			name = Release;
		};
/* End XCBuildConfiguration section */

/* Begin XCConfigurationList section */
		34A3874A1FABC434006C4434 /* Build configuration list for PBXProject "VGLogger" */ = {
			isa = XCConfigurationList;
			buildConfigurations = (
				34A387771FABC435006C4434 /* Debug */,
				34A387781FABC435006C4434 /* Release */,
			);
			defaultConfigurationIsVisible = 0;
			defaultConfigurationName = Release;
		};
		34A387791FABC435006C4434 /* Build configuration list for PBXNativeTarget "VGLogger" */ = {
			isa = XCConfigurationList;
			buildConfigurations = (
				34A3877A1FABC435006C4434 /* Debug */,
				34A3877B1FABC435006C4434 /* Release */,
			);
			defaultConfigurationIsVisible = 0;
			defaultConfigurationName = Release;
		};
		34A3877C1FABC435006C4434 /* Build configuration list for PBXNativeTarget "VGLoggerTests" */ = {
			isa = XCConfigurationList;
			buildConfigurations = (
				34A3877D1FABC435006C4434 /* Debug */,
				34A3877E1FABC435006C4434 /* Release */,
			);
			defaultConfigurationIsVisible = 0;
			defaultConfigurationName = Release;
		};
		34A3877F1FABC435006C4434 /* Build configuration list for PBXNativeTarget "VGLoggerUITests" */ = {
			isa = XCConfigurationList;
			buildConfigurations = (
				34A387801FABC435006C4434 /* Debug */,
				34A387811FABC435006C4434 /* Release */,
			);
			defaultConfigurationIsVisible = 0;
			defaultConfigurationName = Release;
		};
/* End XCConfigurationList section */
	};
	rootObject = 34A387471FABC434006C4434 /* Project object */;
}
